{
  "name": "slate-diff",
  "version": "1.0.0",
  "lockfileVersion": 1,
  "requires": true,
  "dependencies": {
    "@types/esrever": {
      "version": "0.2.0",
      "resolved": "https://registry.npmjs.org/@types/esrever/-/esrever-0.2.0.tgz",
      "integrity": "sha512-5NI6TeGzVEy/iBcuYtcPzzIC6EqlfQ2+UZ54vT0ulq8bPNGAy8UJD+XcsAyEOcnYFUjOVWuUV+k4/rVkxt9/XQ=="
    },
    "@types/node": {
      "version": "15.0.2",
      "resolved": "https://registry.npmjs.org/@types/node/-/node-15.0.2.tgz",
      "integrity": "sha512-p68+a+KoxpoB47015IeYZYRrdqMUcpbK8re/zpFB8Ld46LHC1lPEbp3EXgkEhAYEcPvjJF6ZO+869SQ0aH1dcA==",
      "dev": true
    },
    "esrever": {
      "version": "0.2.0",
      "resolved": "https://registry.npmjs.org/esrever/-/esrever-0.2.0.tgz",
      "integrity": "sha1-lunSj08bGnZ4TNXUkOquAQ50B7g="
    },
    "immer": {
      "version": "7.0.15",
      "resolved": "https://registry.npmjs.org/immer/-/immer-7.0.15.tgz",
      "integrity": "sha512-yM7jo9+hvYgvdCQdqvhCNRRio0SCXc8xDPzA25SvKWa7b1WVPjLwQs1VYU5JPXjcJPTqAa5NP5dqpORGYBQ2AA=="
    },
    "is-plain-object": {
      "version": "3.0.1",
      "resolved": "https://registry.npmjs.org/is-plain-object/-/is-plain-object-3.0.1.tgz",
      "integrity": "sha512-Xnpx182SBMrr/aBik8y+GuR4U1L9FqMSojwDQwPMmxyC6bvEqly9UBCxhauBF5vNh2gwWJNX6oDV7O+OM4z34g=="
    },
    "lodash": {
      "version": "4.17.21",
      "resolved": "https://registry.npmjs.org/lodash/-/lodash-4.17.21.tgz",
      "integrity": "sha512-v2kDEe57lecTulaDIuNTPy3Ry4gLGJ6Z1O3vE1krgXZNrsQ+LFTGHVxVjcXPs17LhbZVGedAJv8XZ1tvj5FvSg=="
    },
    "slate": {
      "version": "0.62.0",
      "resolved": "https://registry.npmjs.org/slate/-/slate-0.62.0.tgz",
      "integrity": "sha512-eV00ONY/wc0Xy8SragC04Iv5w2uZn2KE6eNACon1zojrwOs4RL+BUV8hZo2PKj2SBoxMJ4s/NGtqgTaUjBIRDw==",
      "requires": {
        "@types/esrever": "^0.2.0",
        "esrever": "^0.2.0",
        "immer": "^7.0.0",
        "is-plain-object": "^3.0.0",
        "lodash": "^4.17.4",
        "tiny-warning": "^1.0.3"
      }
    },
    "tiny-warning": {
      "version": "1.0.3",
      "resolved": "https://registry.npmjs.org/tiny-warning/-/tiny-warning-1.0.3.tgz",
      "integrity": "sha512-lBN9zLN/oAf68o3zNXYrdCt1kP8WsiGW8Oo2ka41b2IM5JL/S1CTyX1rW0mb/zSuJun0ZUrDxx4sqvYS2FWzPA=="
    },
    "typescript": {
      "version": "4.2.4",
      "resolved": "https://registry.npmjs.org/typescript/-/typescript-4.2.4.tgz",
      "integrity": "sha512-V+evlYHZnQkaz8TRBuxTA92yZBPotr5H+WhQ7bD3hZUndx5tGOa1fuCgeSjxAzM1RiN5IzvadIXTVefuuwZCRg==",
      "dev": true
    }
  }
}
